
Microsoft Visual Studio Solution File, Format Version 12.00
# Visual Studio 15
VisualStudioVersion = 15.0.28010.2026
MinimumVisualStudioVersion = 10.0.40219.1
Project("{FAE04EC0-301F-11D3-BF4B-00C04F79EFBC}") = "CustomerInviter", "CustomerInviter\CustomerInviter.csproj", "{0C72F6C2-BBB0-45A6-802D-8C5086BB1A04}"
EndProject
Project("{FAE04EC0-301F-11D3-BF4B-00C04F79EFBC}") = "CustomerInviter.Test", "CustomerInviter.Test\CustomerInviter.Test.csproj", "{C829416D-A421-4F2C-8261-31CB0CC5DEAB}"
EndProject
Global
	GlobalSection(SolutionConfigurationPlatforms) = preSolution
		Debug|Any CPU = Debug|Any CPU
		Release|Any CPU = Release|Any CPU
	EndGlobalSection
	GlobalSection(ProjectConfigurationPlatforms) = postSolution
		{0C72F6C2-BBB0-45A6-802D-8C5086BB1A04}.Debug|Any CPU.ActiveCfg = Debug|Any CPU
		{0C72F6C2-BBB0-45A6-802D-8C5086BB1A04}.Debug|Any CPU.Build.0 = Debug|Any CPU
		{0C72F6C2-BBB0-45A6-802D-8C5086BB1A04}.Release|Any CPU.ActiveCfg = Release|Any CPU
		{0C72F6C2-BBB0-45A6-802D-8C5086BB1A04}.Release|Any CPU.Build.0 = Release|Any CPU
		{C829416D-A421-4F2C-8261-31CB0CC5DEAB}.Debug|Any CPU.ActiveCfg = Debug|Any CPU
		{C829416D-A421-4F2C-8261-31CB0CC5DEAB}.Debug|Any CPU.Build.0 = Debug|Any CPU
		{C829416D-A421-4F2C-8261-31CB0CC5DEAB}.Release|Any CPU.ActiveCfg = Release|Any CPU
		{C829416D-A421-4F2C-8261-31CB0CC5DEAB}.Release|Any CPU.Build.0 = Release|Any CPU
	EndGlobalSection
	GlobalSection(SolutionProperties) = preSolution
		HideSolutionNode = FALSE
	EndGlobalSection
	GlobalSection(ExtensibilityGlobals) = postSolution
		SolutionGuid = {8FBA36BF-8081-4395-8AF9-B6987DBEAF99}
	EndGlobalSection
EndGlobal
